
Microsoft Visual Studio Solution File, Format Version 12.00
# Visual Studio Version 17
VisualStudioVersion = 17.3.32929.385
MinimumVisualStudioVersion = 10.0.40219.1
Project("{FAE04EC0-301F-11D3-BF4B-00C04F79EFBC}") = "ShoppingWebAPI", "ShoppingWebAPI\ShoppingWebAPI.csproj", "{46B6F0AE-8BDE-4263-AD00-3D255A379C44}"
EndProject
Global
	GlobalSection(SolutionConfigurationPlatforms) = preSolution
		Debug|Any CPU = Debug|Any CPU
		Release|Any CPU = Release|Any CPU
	EndGlobalSection
	GlobalSection(ProjectConfigurationPlatforms) = postSolution
		{46B6F0AE-8BDE-4263-AD00-3D255A379C44}.Debug|Any CPU.ActiveCfg = Debug|Any CPU
		{46B6F0AE-8BDE-4263-AD00-3D255A379C44}.Debug|Any CPU.Build.0 = Debug|Any CPU
		{46B6F0AE-8BDE-4263-AD00-3D255A379C44}.Release|Any CPU.ActiveCfg = Release|Any CPU
		{46B6F0AE-8BDE-4263-AD00-3D255A379C44}.Release|Any CPU.Build.0 = Release|Any CPU
	EndGlobalSection
	GlobalSection(SolutionProperties) = preSolution
		HideSolutionNode = FALSE
	EndGlobalSection
	GlobalSection(ExtensibilityGlobals) = postSolution
		SolutionGuid = {2FD7DC40-2386-4594-A1A0-FD9278C186D8}
	EndGlobalSection
EndGlobal
